
Microsoft Visual Studio Solution File, Format Version 12.00
# Visual Studio Version 16
VisualStudioVersion = 16.0.29102.190
MinimumVisualStudioVersion = 10.0.40219.1
Project("{FAE04EC0-301F-11D3-BF4B-00C04F79EFBC}") = "AutoRemoveFromRecyleBin", "AutoRemoveFromRecyleBin\AutoRemoveFromRecyleBin.csproj", "{43B2A9DB-F816-4D8B-AA53-68E36F6383EC}"
EndProject
Global
	GlobalSection(SolutionConfigurationPlatforms) = preSolution
		Debug|Any CPU = Debug|Any CPU
		Release|Any CPU = Release|Any CPU
	EndGlobalSection
	GlobalSection(ProjectConfigurationPlatforms) = postSolution
		{43B2A9DB-F816-4D8B-AA53-68E36F6383EC}.Debug|Any CPU.ActiveCfg = Debug|Any CPU
		{43B2A9DB-F816-4D8B-AA53-68E36F6383EC}.Debug|Any CPU.Build.0 = Debug|Any CPU
		{43B2A9DB-F816-4D8B-AA53-68E36F6383EC}.Release|Any CPU.ActiveCfg = Release|Any CPU
		{43B2A9DB-F816-4D8B-AA53-68E36F6383EC}.Release|Any CPU.Build.0 = Release|Any CPU
	EndGlobalSection
	GlobalSection(SolutionProperties) = preSolution
		HideSolutionNode = FALSE
	EndGlobalSection
	GlobalSection(ExtensibilityGlobals) = postSolution
		SolutionGuid = {6DB4012E-B1DB-4736-A562-E93DF877B5C0}
	EndGlobalSection
EndGlobal
